<?xml version="1.0" encoding="utf-8"?>
<Project ToolsVersion="4.0" xmlns="http://schemas.microsoft.com/developer/msbuild/2003">
  <ItemGroup>
    <Filter Include="Source Files">
      <UniqueIdentifier>{4FC737F1-C7A5-4376-A066-2A32D752A2FF}</UniqueIdentifier>
      <Extensions>cpp;c;cc;cxx;c++;def;odl;idl;hpj;bat;asm;asmx</Extensions>
    </Filter>
    <Filter Include="Header Files">
      <UniqueIdentifier>{93995380-89BD-4b04-88EB-625FBE52EBFB}</UniqueIdentifier>
      <Extensions>h;hh;hpp;hxx;h++;hm;inl;inc;ipp;xsd</Extensions>
    </Filter>
    <Filter Include="Resource Files">
      <UniqueIdentifier>{67DA6AB6-F800-4c08-8B7A-83BB121AAD01}</UniqueIdentifier>
      <Extensions>rc;ico;cur;bmp;dlg;rc2;rct;bin;rgs;gif;jpg;jpeg;jpe;resx;tiff;tif;png;wav;mfcribbon-ms</Extensions>
    </Filter>
    <Filter Include="Source Files\mainAlgorithm">
      <UniqueIdentifier>{c9a223d9-ed59-4e05-9f81-a060f64f023d}</UniqueIdentifier>
    </Filter>
    <Filter Include="Header Files\mainAlgorithm">
      <UniqueIdentifier>{f46e1bd3-9540-4235-85a7-1624da8f833b}</UniqueIdentifier>
    </Filter>
    <Filter Include="Header Files\tests">
      <UniqueIdentifier>{a1adfffd-143c-4e1d-b0ff-58df4efb4476}</UniqueIdentifier>
    </Filter>
    <Filter Include="Source Files\tests">
      <UniqueIdentifier>{0dcb6c8a-6776-49bc-9bb6-0cebd6839064}</UniqueIdentifier>
    </Filter>
    <Filter Include="Header Files\userInterface">
      <UniqueIdentifier>{6772bb61-d02c-49dd-9c65-0564a7aa9b9e}</UniqueIdentifier>
    </Filter>
    <Filter Include="Source Files\userInterface">
      <UniqueIdentifier>{e1810a57-2b12-49bd-b0db-9e4314d1dad1}</UniqueIdentifier>
    </Filter>
    <Filter Include="Scripts">
      <UniqueIdentifier>{34b7536c-5b01-457f-bedc-3831dc78611b}</UniqueIdentifier>
    </Filter>
  </ItemGroup>
  <ItemGroup>
    <ClCompile Include="main.cpp">
      <Filter>Source Files</Filter>
    </ClCompile>
    <ClCompile Include="mainAlgorithm\binaryChromosome.cpp">
      <Filter>Source Files\mainAlgorithm</Filter>
    </ClCompile>
    <ClCompile Include="mainAlgorithm\matingPool.cpp">
      <Filter>Source Files\mainAlgorithm</Filter>
    </ClCompile>
    <ClCompile Include="mainAlgorithm\population.cpp">
      <Filter>Source Files\mainAlgorithm</Filter>
    </ClCompile>
    <ClCompile Include="mainAlgorithm\randomPoint.cpp">
      <Filter>Source Files\mainAlgorithm</Filter>
    </ClCompile>
    <ClCompile Include="tests\testNormal.cpp">
      <Filter>Source Files\tests</Filter>
    </ClCompile>
    <ClCompile Include="userInterface\commandDivider.cpp">
      <Filter>Source Files\userInterface</Filter>
    </ClCompile>
    <ClCompile Include="tests\testCardsHeuristic.cpp">
      <Filter>Source Files\tests</Filter>
    </ClCompile>
    <ClCompile Include="tests\testTime.cpp">
      <Filter>Source Files\tests</Filter>
    </ClCompile>
  </ItemGroup>
  <ItemGroup>
    <ClInclude Include="mainAlgorithm\binaryChromosome.h">
      <Filter>Header Files\mainAlgorithm</Filter>
    </ClInclude>
    <ClInclude Include="mainAlgorithm\matingPool.h">
      <Filter>Header Files\mainAlgorithm</Filter>
    </ClInclude>
    <ClInclude Include="mainAlgorithm\population.h">
      <Filter>Header Files\mainAlgorithm</Filter>
    </ClInclude>
    <ClInclude Include="mainAlgorithm\randomPoint.h">
      <Filter>Header Files\mainAlgorithm</Filter>
    </ClInclude>
    <ClInclude Include="tests\testInterface.h">
      <Filter>Header Files\tests</Filter>
    </ClInclude>
    <ClInclude Include="tests\testNormal.h">
      <Filter>Header Files\tests</Filter>
    </ClInclude>
    <ClInclude Include="userInterface\commandDivider.h">
      <Filter>Header Files\userInterface</Filter>
    </ClInclude>
    <ClInclude Include="userInterface\commandInterpreter.h">
      <Filter>Header Files\userInterface</Filter>
    </ClInclude>
    <ClInclude Include="tests\testCardsHeuristic.h">
      <Filter>Header Files\tests</Filter>
    </ClInclude>
    <ClInclude Include="tests\testTime.h">
      <Filter>Header Files\tests</Filter>
    </ClInclude>
  </ItemGroup>
  <ItemGroup>
    <Text Include="scripts\test.txt">
      <Filter>Scripts</Filter>
    </Text>
  </ItemGroup>
</Project>